{
  "requires": true,
  "lockfileVersion": 1,
  "dependencies": {
    "linqts": {
      "version": "1.11.0",
      "resolved": "https://registry.npmjs.org/linqts/-/linqts-1.11.0.tgz",
      "integrity": "sha512-bj64Wr0m/9d61gdLzc6EdzusXe5mfSXNZeI2FujzVR+31lVfDBlMa6d5xNS9csYCbfWtc17rNZo9tZ5k9VsYpA=="
    }
  }
}
